
Microsoft Visual Studio Solution File, Format Version 12.00
# Visual Studio Version 17
VisualStudioVersion = 17.0.32014.148
MinimumVisualStudioVersion = 10.0.40219.1
Project("{FAE04EC0-301F-11D3-BF4B-00C04F79EFBC}") = "Berry.DocxViewer", "Berry.DocxViewer.csproj", "{12197E18-4064-4EC7-AF62-793CD46FA08E}"
EndProject
Global
	GlobalSection(SolutionConfigurationPlatforms) = preSolution
		Debug|Any CPU = Debug|Any CPU
		Release|Any CPU = Release|Any CPU
	EndGlobalSection
	GlobalSection(ProjectConfigurationPlatforms) = postSolution
		{12197E18-4064-4EC7-AF62-793CD46FA08E}.Debug|Any CPU.ActiveCfg = Debug|Any CPU
		{12197E18-4064-4EC7-AF62-793CD46FA08E}.Debug|Any CPU.Build.0 = Debug|Any CPU
		{12197E18-4064-4EC7-AF62-793CD46FA08E}.Release|Any CPU.ActiveCfg = Release|Any CPU
		{12197E18-4064-4EC7-AF62-793CD46FA08E}.Release|Any CPU.Build.0 = Release|Any CPU
	EndGlobalSection
	GlobalSection(SolutionProperties) = preSolution
		HideSolutionNode = FALSE
	EndGlobalSection
	GlobalSection(ExtensibilityGlobals) = postSolution
		SolutionGuid = {AAF025CE-18B1-4C9D-9EFA-54E00763F828}
	EndGlobalSection
EndGlobal
